
Microsoft Visual Studio Solution File, Format Version 12.00
# Visual Studio Version 16
VisualStudioVersion = 16.0.30804.86
MinimumVisualStudioVersion = 10.0.40219.1
Project("{FAE04EC0-301F-11D3-BF4B-00C04F79EFBC}") = "MezziDiTrasporto", "MezziDiTrasporto\MezziDiTrasporto.csproj", "{B8F022D6-B922-4EE5-9D0B-40B53C01FF0F}"
EndProject
Global
	GlobalSection(SolutionConfigurationPlatforms) = preSolution
		Debug|Any CPU = Debug|Any CPU
		Release|Any CPU = Release|Any CPU
	EndGlobalSection
	GlobalSection(ProjectConfigurationPlatforms) = postSolution
		{B8F022D6-B922-4EE5-9D0B-40B53C01FF0F}.Debug|Any CPU.ActiveCfg = Debug|Any CPU
		{B8F022D6-B922-4EE5-9D0B-40B53C01FF0F}.Debug|Any CPU.Build.0 = Debug|Any CPU
		{B8F022D6-B922-4EE5-9D0B-40B53C01FF0F}.Release|Any CPU.ActiveCfg = Release|Any CPU
		{B8F022D6-B922-4EE5-9D0B-40B53C01FF0F}.Release|Any CPU.Build.0 = Release|Any CPU
	EndGlobalSection
	GlobalSection(SolutionProperties) = preSolution
		HideSolutionNode = FALSE
	EndGlobalSection
	GlobalSection(ExtensibilityGlobals) = postSolution
		SolutionGuid = {90F22FAB-75E6-44F8-A7E7-6E9C88CDF85E}
	EndGlobalSection
EndGlobal
